
Microsoft Visual Studio Solution File, Format Version 12.00
# Visual Studio Version 17
VisualStudioVersion = 17.14.36811.4 d17.14
MinimumVisualStudioVersion = 10.0.40219.1
Project("{FAE04EC0-301F-11D3-BF4B-00C04F79EFBC}") = "HostelWebApi", "HostelWebApi\HostelWebApi.csproj", "{EDCE334E-56E8-4D97-9655-83ADC2BDB4F4}"
EndProject
Global
	GlobalSection(SolutionConfigurationPlatforms) = preSolution
		Debug|Any CPU = Debug|Any CPU
		Release|Any CPU = Release|Any CPU
	EndGlobalSection
	GlobalSection(ProjectConfigurationPlatforms) = postSolution
		{EDCE334E-56E8-4D97-9655-83ADC2BDB4F4}.Debug|Any CPU.ActiveCfg = Debug|Any CPU
		{EDCE334E-56E8-4D97-9655-83ADC2BDB4F4}.Debug|Any CPU.Build.0 = Debug|Any CPU
		{EDCE334E-56E8-4D97-9655-83ADC2BDB4F4}.Release|Any CPU.ActiveCfg = Release|Any CPU
		{EDCE334E-56E8-4D97-9655-83ADC2BDB4F4}.Release|Any CPU.Build.0 = Release|Any CPU
	EndGlobalSection
	GlobalSection(SolutionProperties) = preSolution
		HideSolutionNode = FALSE
	EndGlobalSection
	GlobalSection(ExtensibilityGlobals) = postSolution
		SolutionGuid = {6FA48DB1-5AD7-4666-9F83-A87675233086}
	EndGlobalSection
EndGlobal
